GEM
  remote: https://rubygems.org/
  specs:
    rake (13.3.1)
    sqlite3 (2.9.0-aarch64-linux-gnu)
    sqlite3 (2.9.0-aarch64-linux-musl)
    sqlite3 (2.9.0-arm-linux-gnu)
    sqlite3 (2.9.0-arm-linux-musl)
    sqlite3 (2.9.0-arm64-darwin)
    sqlite3 (2.9.0-x86-linux-gnu)
    sqlite3 (2.9.0-x86-linux-musl)
    sqlite3 (2.9.0-x86_64-darwin)
    sqlite3 (2.9.0-x86_64-linux-gnu)
    sqlite3 (2.9.0-x86_64-linux-musl)

PLATFORMS
  aarch64-linux-gnu
  aarch64-linux-musl
  arm-linux-gnu
  arm-linux-musl
  arm64-darwin
  x86-linux-gnu
  x86-linux-musl
  x86_64-darwin
  x86_64-linux-gnu
  x86_64-linux-musl

DEPENDENCIES
  rake
  sqlite3

CHECKSUMS
  rake (13.3.1) sha256=8c9e89d09f66a26a01264e7e3480ec0607f0c497a861ef16063604b1b08eb19c
  sqlite3 (2.9.0-aarch64-linux-gnu) sha256=cfe1e0216f46d7483839719bf827129151e6c680317b99d7b8fc1597a3e13473
  sqlite3 (2.9.0-aarch64-linux-musl) sha256=56a35cb2d70779afc2ac191baf2c2148242285ecfed72f9b021218c5c4917913
  sqlite3 (2.9.0-arm-linux-gnu) sha256=a19a21504b0d7c8c825fbbf37b358ae316b6bd0d0134c619874060b2eef05435
  sqlite3 (2.9.0-arm-linux-musl) sha256=fca5b26197c70e3363115d3faaea34d7b2ad9c7f5fa8d8312e31b64e7556ee07
  sqlite3 (2.9.0-arm64-darwin) sha256=a917bd9b84285766ff3300b7d79cd583f5a067594c8c1263e6441618c04a6ed3
  sqlite3 (2.9.0-x86-linux-gnu) sha256=47317ba230f6c2c361981aa5fc1bf9de1b99727317171393ba90abab092c5b5f
  sqlite3 (2.9.0-x86-linux-musl) sha256=b627f3a2ca59aaaa5e10b8666cdbd7122469b49afa4bd895133cecb7b5c1368d
  sqlite3 (2.9.0-x86_64-darwin) sha256=59fe51baa3cb33c36d27ce78b4ed9360cd33ccca09498c2ae63850c97c0a6026
  sqlite3 (2.9.0-x86_64-linux-gnu) sha256=72fff9bd750070ba3af695511ba5f0e0a2d8a9206f84869640b3e99dfaf3d5a5
  sqlite3 (2.9.0-x86_64-linux-musl) sha256=ef716ba7a66d7deb1ccc402ac3a6d7343da17fac862793b7f0be3d2917253c90

BUNDLED WITH
  4.0.3
